
Microsoft Visual Studio Solution File, Format Version 12.00
# Visual Studio Version 17
VisualStudioVersion = 17.5.33502.453
MinimumVisualStudioVersion = 10.0.40219.1
Project("{FAE04EC0-301F-11D3-BF4B-00C04F79EFBC}") = "CourseProject", "CourseProject.csproj", "{2F79F95A-D7FB-4FA1-B4CF-F5EE50D9C3DF}"
EndProject
Global
	GlobalSection(SolutionConfigurationPlatforms) = preSolution
		Debug|Any CPU = Debug|Any CPU
		Release|Any CPU = Release|Any CPU
	EndGlobalSection
	GlobalSection(ProjectConfigurationPlatforms) = postSolution
		{2F79F95A-D7FB-4FA1-B4CF-F5EE50D9C3DF}.Debug|Any CPU.ActiveCfg = Debug|Any CPU
		{2F79F95A-D7FB-4FA1-B4CF-F5EE50D9C3DF}.Debug|Any CPU.Build.0 = Debug|Any CPU
		{2F79F95A-D7FB-4FA1-B4CF-F5EE50D9C3DF}.Release|Any CPU.ActiveCfg = Release|Any CPU
		{2F79F95A-D7FB-4FA1-B4CF-F5EE50D9C3DF}.Release|Any CPU.Build.0 = Release|Any CPU
	EndGlobalSection
	GlobalSection(SolutionProperties) = preSolution
		HideSolutionNode = FALSE
	EndGlobalSection
	GlobalSection(ExtensibilityGlobals) = postSolution
		SolutionGuid = {F28F408B-48A3-4F4B-AF50-03018622675D}
	EndGlobalSection
EndGlobal
